// !$*UTF8*$!
{
	archiveVersion = 1;
	classes = {
	};
	objectVersion = 56;
	objects = {

/* Begin PBXBuildFile section */
		72E498E12B6F9A6500CC552E /* TestovoeZadanieApp.swift in Sources */ = {isa = PBXBuildFile; fileRef = 72E498E02B6F9A6500CC552E /* TestovoeZadanieApp.swift */; };
		72E498E32B6F9A6500CC552E /* ContentView.swift in Sources */ = {isa = PBXBuildFile; fileRef = 72E498E22B6F9A6500CC552E /* ContentView.swift */; };
		72E498E52B6F9A6700CC552E /* Assets.xcassets in Resources */ = {isa = PBXBuildFile; fileRef = 72E498E42B6F9A6700CC552E /* Assets.xcassets */; };
		72E498E82B6F9A6700CC552E /* Preview Assets.xcassets in Resources */ = {isa = PBXBuildFile; fileRef = 72E498E72B6F9A6700CC552E /* Preview Assets.xcassets */; };
		72E498EF2B6FA43500CC552E /* Shop.swift in Sources */ = {isa = PBXBuildFile; fileRef = 72E498EE2B6FA43500CC552E /* Shop.swift */; };
		72E498F72B6FADD100CC552E /* SparView.swift in Sources */ = {isa = PBXBuildFile; fileRef = 72E498F62B6FADD100CC552E /* SparView.swift */; };
		72E498FA2B7087BF00CC552E /* TextViewInFrame.swift in Sources */ = {isa = PBXBuildFile; fileRef = 72E498F92B7087BF00CC552E /* TextViewInFrame.swift */; };
		72E498FE2B7088AB00CC552E /* RaitingView.swift in Sources */ = {isa = PBXBuildFile; fileRef = 72E498FD2B7088AB00CC552E /* RaitingView.swift */; };
		72E499002B70CAA500CC552E /* FlagStack.swift in Sources */ = {isa = PBXBuildFile; fileRef = 72E498FF2B70CAA500CC552E /* FlagStack.swift */; };
		72E499022B70CDF100CC552E /* TextDescribtion.swift in Sources */ = {isa = PBXBuildFile; fileRef = 72E499012B70CDF100CC552E /* TextDescribtion.swift */; };
		72E499042B70D0E500CC552E /* MainCharacteristic.swift in Sources */ = {isa = PBXBuildFile; fileRef = 72E499032B70D0E500CC552E /* MainCharacteristic.swift */; };
		72E499062B70E22700CC552E /* TextButton.swift in Sources */ = {isa = PBXBuildFile; fileRef = 72E499052B70E22700CC552E /* TextButton.swift */; };
		72E499082B70E35F00CC552E /* ReviewsStack.swift in Sources */ = {isa = PBXBuildFile; fileRef = 72E499072B70E35F00CC552E /* ReviewsStack.swift */; };
		72E4990A2B70E5A300CC552E /* GridView.swift in Sources */ = {isa = PBXBuildFile; fileRef = 72E499092B70E5A300CC552E /* GridView.swift */; };
		72E4990C2B70EE6800CC552E /* RectangleView.swift in Sources */ = {isa = PBXBuildFile; fileRef = 72E4990B2B70EE6800CC552E /* RectangleView.swift */; };
		72E4990E2B7114B200CC552E /* ReviewsButton.swift in Sources */ = {isa = PBXBuildFile; fileRef = 72E4990D2B7114B200CC552E /* ReviewsButton.swift */; };
		72E499102B7123C100CC552E /* PickerView.swift in Sources */ = {isa = PBXBuildFile; fileRef = 72E4990F2B7123C100CC552E /* PickerView.swift */; };
		72E499122B712C8300CC552E /* CustomPrice.swift in Sources */ = {isa = PBXBuildFile; fileRef = 72E499112B712C8300CC552E /* CustomPrice.swift */; };
		72E499142B72147600CC552E /* TextLipa.swift in Sources */ = {isa = PBXBuildFile; fileRef = 72E499132B72147600CC552E /* TextLipa.swift */; };
		72E499162B72151300CC552E /* NavigtionBarItems.swift in Sources */ = {isa = PBXBuildFile; fileRef = 72E499152B72151300CC552E /* NavigtionBarItems.swift */; };
/* End PBXBuildFile section */

/* Begin PBXFileReference section */
		72E498DD2B6F9A6500CC552E /* TestovoeZadanie.app */ = {isa = PBXFileReference; explicitFileType = wrapper.application; includeInIndex = 0; path = TestovoeZadanie.app; sourceTree = BUILT_PRODUCTS_DIR; };
		72E498E02B6F9A6500CC552E /* TestovoeZadanieApp.swift */ = {isa = PBXFileReference; lastKnownFileType = sourcecode.swift; path = TestovoeZadanieApp.swift; sourceTree = "<group>"; };
		72E498E22B6F9A6500CC552E /* ContentView.swift */ = {isa = PBXFileReference; lastKnownFileType = sourcecode.swift; path = ContentView.swift; sourceTree = "<group>"; };
		72E498E42B6F9A6700CC552E /* Assets.xcassets */ = {isa = PBXFileReference; lastKnownFileType = folder.assetcatalog; path = Assets.xcassets; sourceTree = "<group>"; };
		72E498E72B6F9A6700CC552E /* Preview Assets.xcassets */ = {isa = PBXFileReference; lastKnownFileType = folder.assetcatalog; path = "Preview Assets.xcassets"; sourceTree = "<group>"; };
		72E498EE2B6FA43500CC552E /* Shop.swift */ = {isa = PBXFileReference; lastKnownFileType = sourcecode.swift; path = Shop.swift; sourceTree = "<group>"; };
		72E498F62B6FADD100CC552E /* SparView.swift */ = {isa = PBXFileReference; lastKnownFileType = sourcecode.swift; path = SparView.swift; sourceTree = "<group>"; };
		72E498F92B7087BF00CC552E /* TextViewInFrame.swift */ = {isa = PBXFileReference; lastKnownFileType = sourcecode.swift; path = TextViewInFrame.swift; sourceTree = "<group>"; };
		72E498FD2B7088AB00CC552E /* RaitingView.swift */ = {isa = PBXFileReference; lastKnownFileType = sourcecode.swift; path = RaitingView.swift; sourceTree = "<group>"; };
		72E498FF2B70CAA500CC552E /* FlagStack.swift */ = {isa = PBXFileReference; lastKnownFileType = sourcecode.swift; path = FlagStack.swift; sourceTree = "<group>"; };
		72E499012B70CDF100CC552E /* TextDescribtion.swift */ = {isa = PBXFileReference; lastKnownFileType = sourcecode.swift; path = TextDescribtion.swift; sourceTree = "<group>"; };
		72E499032B70D0E500CC552E /* MainCharacteristic.swift */ = {isa = PBXFileReference; lastKnownFileType = sourcecode.swift; path = MainCharacteristic.swift; sourceTree = "<group>"; };
		72E499052B70E22700CC552E /* TextButton.swift */ = {isa = PBXFileReference; lastKnownFileType = sourcecode.swift; path = TextButton.swift; sourceTree = "<group>"; };
		72E499072B70E35F00CC552E /* ReviewsStack.swift */ = {isa = PBXFileReference; lastKnownFileType = sourcecode.swift; path = ReviewsStack.swift; sourceTree = "<group>"; };
		72E499092B70E5A300CC552E /* GridView.swift */ = {isa = PBXFileReference; lastKnownFileType = sourcecode.swift; path = GridView.swift; sourceTree = "<group>"; };
		72E4990B2B70EE6800CC552E /* RectangleView.swift */ = {isa = PBXFileReference; lastKnownFileType = sourcecode.swift; path = RectangleView.swift; sourceTree = "<group>"; };
		72E4990D2B7114B200CC552E /* ReviewsButton.swift */ = {isa = PBXFileReference; lastKnownFileType = sourcecode.swift; path = ReviewsButton.swift; sourceTree = "<group>"; };
		72E4990F2B7123C100CC552E /* PickerView.swift */ = {isa = PBXFileReference; lastKnownFileType = sourcecode.swift; path = PickerView.swift; sourceTree = "<group>"; };
		72E499112B712C8300CC552E /* CustomPrice.swift */ = {isa = PBXFileReference; lastKnownFileType = sourcecode.swift; path = CustomPrice.swift; sourceTree = "<group>"; };
		72E499132B72147600CC552E /* TextLipa.swift */ = {isa = PBXFileReference; lastKnownFileType = sourcecode.swift; path = TextLipa.swift; sourceTree = "<group>"; };
		72E499152B72151300CC552E /* NavigtionBarItems.swift */ = {isa = PBXFileReference; lastKnownFileType = sourcecode.swift; path = NavigtionBarItems.swift; sourceTree = "<group>"; };
/* End PBXFileReference section */

/* Begin PBXFrameworksBuildPhase section */
		72E498DA2B6F9A6500CC552E /* Frameworks */ = {
			isa = PBXFrameworksBuildPhase;
			buildActionMask = 2147483647;
			files = (
			);
			runOnlyForDeploymentPostprocessing = 0;
		};
/* End PBXFrameworksBuildPhase section */

/* Begin PBXGroup section */
		72E498D42B6F9A6500CC552E = {
			isa = PBXGroup;
			children = (
				72E498DF2B6F9A6500CC552E /* TestovoeZadanie */,
				72E498DE2B6F9A6500CC552E /* Products */,
			);
			sourceTree = "<group>";
		};
		72E498DE2B6F9A6500CC552E /* Products */ = {
			isa = PBXGroup;
			children = (
				72E498DD2B6F9A6500CC552E /* TestovoeZadanie.app */,
			);
			name = Products;
			sourceTree = "<group>";
		};
		72E498DF2B6F9A6500CC552E /* TestovoeZadanie */ = {
			isa = PBXGroup;
			children = (
				72E498E02B6F9A6500CC552E /* TestovoeZadanieApp.swift */,
				72E498F82B6FE79A00CC552E /* TabViewItems */,
				72E498E22B6F9A6500CC552E /* ContentView.swift */,
				72E498FB2B7087C500CC552E /* Views */,
				72E498F62B6FADD100CC552E /* SparView.swift */,
				72E498E42B6F9A6700CC552E /* Assets.xcassets */,
				72E498E62B6F9A6700CC552E /* Preview Content */,
			);
			path = TestovoeZadanie;
			sourceTree = "<group>";
		};
		72E498E62B6F9A6700CC552E /* Preview Content */ = {
			isa = PBXGroup;
			children = (
				72E498E72B6F9A6700CC552E /* Preview Assets.xcassets */,
			);
			path = "Preview Content";
			sourceTree = "<group>";
		};
		72E498F82B6FE79A00CC552E /* TabViewItems */ = {
			isa = PBXGroup;
			children = (
				72E498EE2B6FA43500CC552E /* Shop.swift */,
			);
			path = TabViewItems;
			sourceTree = "<group>";
		};
		72E498FB2B7087C500CC552E /* Views */ = {
			isa = PBXGroup;
			children = (
				72E498F92B7087BF00CC552E /* TextViewInFrame.swift */,
				72E498FF2B70CAA500CC552E /* FlagStack.swift */,
				72E4990D2B7114B200CC552E /* ReviewsButton.swift */,
				72E499052B70E22700CC552E /* TextButton.swift */,
				72E499152B72151300CC552E /* NavigtionBarItems.swift */,
				72E499012B70CDF100CC552E /* TextDescribtion.swift */,
				72E499132B72147600CC552E /* TextLipa.swift */,
				72E499032B70D0E500CC552E /* MainCharacteristic.swift */,
				72E499112B712C8300CC552E /* CustomPrice.swift */,
				72E4990F2B7123C100CC552E /* PickerView.swift */,
				72E499072B70E35F00CC552E /* ReviewsStack.swift */,
				72E498FD2B7088AB00CC552E /* RaitingView.swift */,
				72E499092B70E5A300CC552E /* GridView.swift */,
				72E4990B2B70EE6800CC552E /* RectangleView.swift */,
			);
			path = Views;
			sourceTree = "<group>";
		};
/* End PBXGroup section */

/* Begin PBXNativeTarget section */
		72E498DC2B6F9A6500CC552E /* TestovoeZadanie */ = {
			isa = PBXNativeTarget;
			buildConfigurationList = 72E498EB2B6F9A6700CC552E /* Build configuration list for PBXNativeTarget "TestovoeZadanie" */;
			buildPhases = (
				72E498D92B6F9A6500CC552E /* Sources */,
				72E498DA2B6F9A6500CC552E /* Frameworks */,
				72E498DB2B6F9A6500CC552E /* Resources */,
			);
			buildRules = (
			);
			dependencies = (
			);
			name = TestovoeZadanie;
			productName = TestovoeZadanie;
			productReference = 72E498DD2B6F9A6500CC552E /* TestovoeZadanie.app */;
			productType = "com.apple.product-type.application";
		};
/* End PBXNativeTarget section */

/* Begin PBXProject section */
		72E498D52B6F9A6500CC552E /* Project object */ = {
			isa = PBXProject;
			attributes = {
				BuildIndependentTargetsInParallel = 1;
				LastSwiftUpdateCheck = 1500;
				LastUpgradeCheck = 1500;
				TargetAttributes = {
					72E498DC2B6F9A6500CC552E = {
						CreatedOnToolsVersion = 15.0;
					};
				};
			};
			buildConfigurationList = 72E498D82B6F9A6500CC552E /* Build configuration list for PBXProject "TestovoeZadanie" */;
			compatibilityVersion = "Xcode 14.0";
			developmentRegion = en;
			hasScannedForEncodings = 0;
			knownRegions = (
				en,
				Base,
			);
			mainGroup = 72E498D42B6F9A6500CC552E;
			productRefGroup = 72E498DE2B6F9A6500CC552E /* Products */;
			projectDirPath = "";
			projectRoot = "";
			targets = (
				72E498DC2B6F9A6500CC552E /* TestovoeZadanie */,
			);
		};
/* End PBXProject section */

/* Begin PBXResourcesBuildPhase section */
		72E498DB2B6F9A6500CC552E /* Resources */ = {
			isa = PBXResourcesBuildPhase;
			buildActionMask = 2147483647;
			files = (
				72E498E82B6F9A6700CC552E /* Preview Assets.xcassets in Resources */,
				72E498E52B6F9A6700CC552E /* Assets.xcassets in Resources */,
			);
			runOnlyForDeploymentPostprocessing = 0;
		};
/* End PBXResourcesBuildPhase section */

/* Begin PBXSourcesBuildPhase section */
		72E498D92B6F9A6500CC552E /* Sources */ = {
			isa = PBXSourcesBuildPhase;
			buildActionMask = 2147483647;
			files = (
				72E499142B72147600CC552E /* TextLipa.swift in Sources */,
				72E498FE2B7088AB00CC552E /* RaitingView.swift in Sources */,
				72E499102B7123C100CC552E /* PickerView.swift in Sources */,
				72E498FA2B7087BF00CC552E /* TextViewInFrame.swift in Sources */,
				72E499062B70E22700CC552E /* TextButton.swift in Sources */,
				72E499122B712C8300CC552E /* CustomPrice.swift in Sources */,
				72E499082B70E35F00CC552E /* ReviewsStack.swift in Sources */,
				72E499022B70CDF100CC552E /* TextDescribtion.swift in Sources */,
				72E498EF2B6FA43500CC552E /* Shop.swift in Sources */,
				72E498E32B6F9A6500CC552E /* ContentView.swift in Sources */,
				72E4990E2B7114B200CC552E /* ReviewsButton.swift in Sources */,
				72E498E12B6F9A6500CC552E /* TestovoeZadanieApp.swift in Sources */,
				72E499042B70D0E500CC552E /* MainCharacteristic.swift in Sources */,
				72E499002B70CAA500CC552E /* FlagStack.swift in Sources */,
				72E4990A2B70E5A300CC552E /* GridView.swift in Sources */,
				72E4990C2B70EE6800CC552E /* RectangleView.swift in Sources */,
				72E498F72B6FADD100CC552E /* SparView.swift in Sources */,
				72E499162B72151300CC552E /* NavigtionBarItems.swift in Sources */,
			);
			runOnlyForDeploymentPostprocessing = 0;
		};
/* End PBXSourcesBuildPhase section */

/* Begin XCBuildConfiguration section */
		72E498E92B6F9A6700CC552E /* Debug */ = {
			isa = XCBuildConfiguration;
			buildSettings = {
				ALWAYS_SEARCH_USER_PATHS = NO;
				ASSETCATALOG_COMPILER_GENERATE_SWIFT_ASSET_SYMBOL_EXTENSIONS = YES;
				CLANG_ANALYZER_NONNULL = YES;
				CLANG_ANALYZER_NUMBER_OBJECT_CONVERSION = YES_AGGRESSIVE;
				CLANG_CXX_LANGUAGE_STANDARD = "gnu++20";
				CLANG_ENABLE_MODULES = YES;
				CLANG_ENABLE_OBJC_ARC = YES;
				CLANG_ENABLE_OBJC_WEAK = YES;
				CLANG_WARN_BLOCK_CAPTURE_AUTORELEASING = YES;
				CLANG_WARN_BOOL_CONVERSION = YES;
				CLANG_WARN_COMMA = YES;
				CLANG_WARN_CONSTANT_CONVERSION = YES;
				CLANG_WARN_DEPRECATED_OBJC_IMPLEMENTATIONS = YES;
				CLANG_WARN_DIRECT_OBJC_ISA_USAGE = YES_ERROR;
				CLANG_WARN_DOCUMENTATION_COMMENTS = YES;
				CLANG_WARN_EMPTY_BODY = YES;
				CLANG_WARN_ENUM_CONVERSION = YES;
				CLANG_WARN_INFINITE_RECURSION = YES;
				CLANG_WARN_INT_CONVERSION = YES;
				CLANG_WARN_NON_LITERAL_NULL_CONVERSION = YES;
				CLANG_WARN_OBJC_IMPLICIT_RETAIN_SELF = YES;
				CLANG_WARN_OBJC_LITERAL_CONVERSION = YES;
				CLANG_WARN_OBJC_ROOT_CLASS = YES_ERROR;
				CLANG_WARN_QUOTED_INCLUDE_IN_FRAMEWORK_HEADER = YES;
				CLANG_WARN_RANGE_LOOP_ANALYSIS = YES;
				CLANG_WARN_STRICT_PROTOTYPES = YES;
				CLANG_WARN_SUSPICIOUS_MOVE = YES;
				CLANG_WARN_UNGUARDED_AVAILABILITY = YES_AGGRESSIVE;
				CLANG_WARN_UNREACHABLE_CODE = YES;
				CLANG_WARN__DUPLICATE_METHOD_MATCH = YES;
				COPY_PHASE_STRIP = NO;
				DEBUG_INFORMATION_FORMAT = dwarf;
				ENABLE_STRICT_OBJC_MSGSEND = YES;
				ENABLE_TESTABILITY = YES;
				ENABLE_USER_SCRIPT_SANDBOXING = YES;
				GCC_C_LANGUAGE_STANDARD = gnu17;
				GCC_DYNAMIC_NO_PIC = NO;
				GCC_NO_COMMON_BLOCKS = YES;
				GCC_OPTIMIZATION_LEVEL = 0;
				GCC_PREPROCESSOR_DEFINITIONS = (
					"DEBUG=1",
					"$(inherited)",
				);
				GCC_WARN_64_TO_32_BIT_CONVERSION = YES;
				GCC_WARN_ABOUT_RETURN_TYPE = YES_ERROR;
				GCC_WARN_UNDECLARED_SELECTOR = YES;
				GCC_WARN_UNINITIALIZED_AUTOS = YES_AGGRESSIVE;
				GCC_WARN_UNUSED_FUNCTION = YES;
				GCC_WARN_UNUSED_VARIABLE = YES;
				IPHONEOS_DEPLOYMENT_TARGET = 17.0;
				LOCALIZATION_PREFERS_STRING_CATALOGS = YES;
				MTL_ENABLE_DEBUG_INFO = INCLUDE_SOURCE;
				MTL_FAST_MATH = YES;
				ONLY_ACTIVE_ARCH = YES;
				SDKROOT = iphoneos;
				SWIFT_ACTIVE_COMPILATION_CONDITIONS = "DEBUG $(inherited)";
				SWIFT_OPTIMIZATION_LEVEL = "-Onone";
			};
			name = Debug;
		};
		72E498EA2B6F9A6700CC552E /* Release */ = {
			isa = XCBuildConfiguration;
			buildSettings = {
				ALWAYS_SEARCH_USER_PATHS = NO;
				ASSETCATALOG_COMPILER_GENERATE_SWIFT_ASSET_SYMBOL_EXTENSIONS = YES;
				CLANG_ANALYZER_NONNULL = YES;
				CLANG_ANALYZER_NUMBER_OBJECT_CONVERSION = YES_AGGRESSIVE;
				CLANG_CXX_LANGUAGE_STANDARD = "gnu++20";
				CLANG_ENABLE_MODULES = YES;
				CLANG_ENABLE_OBJC_ARC = YES;
				CLANG_ENABLE_OBJC_WEAK = YES;
				CLANG_WARN_BLOCK_CAPTURE_AUTORELEASING = YES;
				CLANG_WARN_BOOL_CONVERSION = YES;
				CLANG_WARN_COMMA = YES;
				CLANG_WARN_CONSTANT_CONVERSION = YES;
				CLANG_WARN_DEPRECATED_OBJC_IMPLEMENTATIONS = YES;
				CLANG_WARN_DIRECT_OBJC_ISA_USAGE = YES_ERROR;
				CLANG_WARN_DOCUMENTATION_COMMENTS = YES;
				CLANG_WARN_EMPTY_BODY = YES;
				CLANG_WARN_ENUM_CONVERSION = YES;
				CLANG_WARN_INFINITE_RECURSION = YES;
				CLANG_WARN_INT_CONVERSION = YES;
				CLANG_WARN_NON_LITERAL_NULL_CONVERSION = YES;
				CLANG_WARN_OBJC_IMPLICIT_RETAIN_SELF = YES;
				CLANG_WARN_OBJC_LITERAL_CONVERSION = YES;
				CLANG_WARN_OBJC_ROOT_CLASS = YES_ERROR;
				CLANG_WARN_QUOTED_INCLUDE_IN_FRAMEWORK_HEADER = YES;
				CLANG_WARN_RANGE_LOOP_ANALYSIS = YES;
				CLANG_WARN_STRICT_PROTOTYPES = YES;
				CLANG_WARN_SUSPICIOUS_MOVE = YES;
				CLANG_WARN_UNGUARDED_AVAILABILITY = YES_AGGRESSIVE;
				CLANG_WARN_UNREACHABLE_CODE = YES;
				CLANG_WARN__DUPLICATE_METHOD_MATCH = YES;
				COPY_PHASE_STRIP = NO;
				DEBUG_INFORMATION_FORMAT = "dwarf-with-dsym";
				ENABLE_NS_ASSERTIONS = NO;
				ENABLE_STRICT_OBJC_MSGSEND = YES;
				ENABLE_USER_SCRIPT_SANDBOXING = YES;
				GCC_C_LANGUAGE_STANDARD = gnu17;
				GCC_NO_COMMON_BLOCKS = YES;
				GCC_WARN_64_TO_32_BIT_CONVERSION = YES;
				GCC_WARN_ABOUT_RETURN_TYPE = YES_ERROR;
				GCC_WARN_UNDECLARED_SELECTOR = YES;
				GCC_WARN_UNINITIALIZED_AUTOS = YES_AGGRESSIVE;
				GCC_WARN_UNUSED_FUNCTION = YES;
				GCC_WARN_UNUSED_VARIABLE = YES;
				IPHONEOS_DEPLOYMENT_TARGET = 17.0;
				LOCALIZATION_PREFERS_STRING_CATALOGS = YES;
				MTL_ENABLE_DEBUG_INFO = NO;
				MTL_FAST_MATH = YES;
				SDKROOT = iphoneos;
				SWIFT_COMPILATION_MODE = wholemodule;
				VALIDATE_PRODUCT = YES;
			};
			name = Release;
		};
		72E498EC2B6F9A6700CC552E /* Debug */ = {
			isa = XCBuildConfiguration;
			buildSettings = {
				ASSETCATALOG_COMPILER_APPICON_NAME = AppIcon;
				ASSETCATALOG_COMPILER_GLOBAL_ACCENT_COLOR_NAME = AccentColor;
				CODE_SIGN_STYLE = Automatic;
				CURRENT_PROJECT_VERSION = 1;
				DEVELOPMENT_ASSET_PATHS = "\"TestovoeZadanie/Preview Content\"";
				ENABLE_PREVIEWS = YES;
				GENERATE_INFOPLIST_FILE = YES;
				INFOPLIST_KEY_UIApplicationSceneManifest_Generation = YES;
				INFOPLIST_KEY_UIApplicationSupportsIndirectInputEvents = YES;
				INFOPLIST_KEY_UILaunchScreen_Generation = YES;
				INFOPLIST_KEY_UISupportedInterfaceOrientations_iPad = "UIInterfaceOrientationPortrait UIInterfaceOrientationPortraitUpsideDown UIInterfaceOrientationLandscapeLeft UIInterfaceOrientationLandscapeRight";
				INFOPLIST_KEY_UISupportedInterfaceOrientations_iPhone = "UIInterfaceOrientationPortrait UIInterfaceOrientationLandscapeLeft UIInterfaceOrientationLandscapeRight";
				IPHONEOS_DEPLOYMENT_TARGET = 14.0;
				LD_RUNPATH_SEARCH_PATHS = (
					"$(inherited)",
					"@executable_path/Frameworks",
				);
				MARKETING_VERSION = 1.0;
				PRODUCT_BUNDLE_IDENTIFIER = swiftbook.ru.TestovoeZadanie;
				PRODUCT_NAME = "$(TARGET_NAME)";
				SUPPORTED_PLATFORMS = "iphoneos iphonesimulator";
				SUPPORTS_MACCATALYST = NO;
				SUPPORTS_MAC_DESIGNED_FOR_IPHONE_IPAD = NO;
				SWIFT_EMIT_LOC_STRINGS = YES;
				SWIFT_VERSION = 5.0;
				TARGETED_DEVICE_FAMILY = 1;
			};
			name = Debug;
		};
		72E498ED2B6F9A6700CC552E /* Release */ = {
			isa = XCBuildConfiguration;
			buildSettings = {
				ASSETCATALOG_COMPILER_APPICON_NAME = AppIcon;
				ASSETCATALOG_COMPILER_GLOBAL_ACCENT_COLOR_NAME = AccentColor;
				CODE_SIGN_STYLE = Automatic;
				CURRENT_PROJECT_VERSION = 1;
				DEVELOPMENT_ASSET_PATHS = "\"TestovoeZadanie/Preview Content\"";
				ENABLE_PREVIEWS = YES;
				GENERATE_INFOPLIST_FILE = YES;
				INFOPLIST_KEY_UIApplicationSceneManifest_Generation = YES;
				INFOPLIST_KEY_UIApplicationSupportsIndirectInputEvents = YES;
				INFOPLIST_KEY_UILaunchScreen_Generation = YES;
				INFOPLIST_KEY_UISupportedInterfaceOrientations_iPad = "UIInterfaceOrientationPortrait UIInterfaceOrientationPortraitUpsideDown UIInterfaceOrientationLandscapeLeft UIInterfaceOrientationLandscapeRight";
				INFOPLIST_KEY_UISupportedInterfaceOrientations_iPhone = "UIInterfaceOrientationPortrait UIInterfaceOrientationLandscapeLeft UIInterfaceOrientationLandscapeRight";
				IPHONEOS_DEPLOYMENT_TARGET = 14.0;
				LD_RUNPATH_SEARCH_PATHS = (
					"$(inherited)",
					"@executable_path/Frameworks",
				);
				MARKETING_VERSION = 1.0;
				PRODUCT_BUNDLE_IDENTIFIER = swiftbook.ru.TestovoeZadanie;
				PRODUCT_NAME = "$(TARGET_NAME)";
				SUPPORTED_PLATFORMS = "iphoneos iphonesimulator";
				SUPPORTS_MACCATALYST = NO;
				SUPPORTS_MAC_DESIGNED_FOR_IPHONE_IPAD = NO;
				SWIFT_EMIT_LOC_STRINGS = YES;
				SWIFT_VERSION = 5.0;
				TARGETED_DEVICE_FAMILY = 1;
			};
			name = Release;
		};
/* End XCBuildConfiguration section */

/* Begin XCConfigurationList section */
		72E498D82B6F9A6500CC552E /* Build configuration list for PBXProject "TestovoeZadanie" */ = {
			isa = XCConfigurationList;
			buildConfigurations = (
				72E498E92B6F9A6700CC552E /* Debug */,
				72E498EA2B6F9A6700CC552E /* Release */,
			);
			defaultConfigurationIsVisible = 0;
			defaultConfigurationName = Release;
		};
		72E498EB2B6F9A6700CC552E /* Build configuration list for PBXNativeTarget "TestovoeZadanie" */ = {
			isa = XCConfigurationList;
			buildConfigurations = (
				72E498EC2B6F9A6700CC552E /* Debug */,
				72E498ED2B6F9A6700CC552E /* Release */,
			);
			defaultConfigurationIsVisible = 0;
			defaultConfigurationName = Release;
		};
/* End XCConfigurationList section */
	};
	rootObject = 72E498D52B6F9A6500CC552E /* Project object */;
}
